// !$*UTF8*$!
{
	archiveVersion = 1;
	classes = {
	};
	objectVersion = 46;
	objects = {

/* Begin PBXBuildFile section */
		7941946A1D882B6400F947A8 /* README.md in Sources */ = {isa = PBXBuildFile; fileRef = 794194691D882B6400F947A8 /* README.md */; };
		79DEE14B1D878A7800F24468 /* AppDelegate.swift in Sources */ = {isa = PBXBuildFile; fileRef = 79DEE14A1D878A7800F24468 /* AppDelegate.swift */; };
		79DEE14F1D878A7800F24468 /* GameScene.swift in Sources */ = {isa = PBXBuildFile; fileRef = 79DEE14E1D878A7800F24468 /* GameScene.swift */; };
		79DEE1511D878A7800F24468 /* GameViewController.swift in Sources */ = {isa = PBXBuildFile; fileRef = 79DEE1501D878A7800F24468 /* GameViewController.swift */; };
		79DEE1541D878A7800F24468 /* Main.storyboard in Resources */ = {isa = PBXBuildFile; fileRef = 79DEE1521D878A7800F24468 /* Main.storyboard */; };
		79DEE1561D878A7800F24468 /* Assets.xcassets in Resources */ = {isa = PBXBuildFile; fileRef = 79DEE1551D878A7800F24468 /* Assets.xcassets */; };
		79DEE1591D878A7800F24468 /* LaunchScreen.storyboard in Resources */ = {isa = PBXBuildFile; fileRef = 79DEE1571D878A7800F24468 /* LaunchScreen.storyboard */; };
		79DEE1611D878A8E00F24468 /* Constants.swift in Sources */ = {isa = PBXBuildFile; fileRef = 79DEE1601D878A8E00F24468 /* Constants.swift */; };
		79DEE1631D878AEA00F24468 /* Game.swift in Sources */ = {isa = PBXBuildFile; fileRef = 79DEE1621D878AEA00F24468 /* Game.swift */; };
		79DEE1651D878BE100F24468 /* Level.swift in Sources */ = {isa = PBXBuildFile; fileRef = 79DEE1641D878BE100F24468 /* Level.swift */; };
		79DEE1691D87902500F24468 /* Tile.swift in Sources */ = {isa = PBXBuildFile; fileRef = 79DEE1681D87902500F24468 /* Tile.swift */; };
		79DEE16B1D87903300F24468 /* VisualComponent.swift in Sources */ = {isa = PBXBuildFile; fileRef = 79DEE16A1D87903300F24468 /* VisualComponent.swift */; };
		79DEE16D1D87A6EE00F24468 /* Hero.swift in Sources */ = {isa = PBXBuildFile; fileRef = 79DEE16C1D87A6EE00F24468 /* Hero.swift */; };
/* End PBXBuildFile section */

/* Begin PBXFileReference section */
		794194691D882B6400F947A8 /* README.md */ = {isa = PBXFileReference; fileEncoding = 4; lastKnownFileType = net.daringfireball.markdown; path = README.md; sourceTree = "<group>"; };
		79DEE1471D878A7800F24468 /* SmoothMovementExample.app */ = {isa = PBXFileReference; explicitFileType = wrapper.application; includeInIndex = 0; path = SmoothMovementExample.app; sourceTree = BUILT_PRODUCTS_DIR; };
		79DEE14A1D878A7800F24468 /* AppDelegate.swift */ = {isa = PBXFileReference; lastKnownFileType = sourcecode.swift; path = AppDelegate.swift; sourceTree = "<group>"; };
		79DEE14E1D878A7800F24468 /* GameScene.swift */ = {isa = PBXFileReference; lastKnownFileType = sourcecode.swift; path = GameScene.swift; sourceTree = "<group>"; };
		79DEE1501D878A7800F24468 /* GameViewController.swift */ = {isa = PBXFileReference; lastKnownFileType = sourcecode.swift; path = GameViewController.swift; sourceTree = "<group>"; };
		79DEE1531D878A7800F24468 /* Base */ = {isa = PBXFileReference; lastKnownFileType = file.storyboard; name = Base; path = Base.lproj/Main.storyboard; sourceTree = "<group>"; };
		79DEE1551D878A7800F24468 /* Assets.xcassets */ = {isa = PBXFileReference; lastKnownFileType = folder.assetcatalog; path = Assets.xcassets; sourceTree = "<group>"; };
		79DEE1581D878A7800F24468 /* Base */ = {isa = PBXFileReference; lastKnownFileType = file.storyboard; name = Base; path = Base.lproj/LaunchScreen.storyboard; sourceTree = "<group>"; };
		79DEE15A1D878A7800F24468 /* Info.plist */ = {isa = PBXFileReference; lastKnownFileType = text.plist.xml; path = Info.plist; sourceTree = "<group>"; };
		79DEE1601D878A8E00F24468 /* Constants.swift */ = {isa = PBXFileReference; fileEncoding = 4; lastKnownFileType = sourcecode.swift; path = Constants.swift; sourceTree = "<group>"; };
		79DEE1621D878AEA00F24468 /* Game.swift */ = {isa = PBXFileReference; fileEncoding = 4; lastKnownFileType = sourcecode.swift; path = Game.swift; sourceTree = "<group>"; };
		79DEE1641D878BE100F24468 /* Level.swift */ = {isa = PBXFileReference; fileEncoding = 4; lastKnownFileType = sourcecode.swift; path = Level.swift; sourceTree = "<group>"; };
		79DEE1681D87902500F24468 /* Tile.swift */ = {isa = PBXFileReference; fileEncoding = 4; lastKnownFileType = sourcecode.swift; path = Tile.swift; sourceTree = "<group>"; };
		79DEE16A1D87903300F24468 /* VisualComponent.swift */ = {isa = PBXFileReference; fileEncoding = 4; lastKnownFileType = sourcecode.swift; path = VisualComponent.swift; sourceTree = "<group>"; };
		79DEE16C1D87A6EE00F24468 /* Hero.swift */ = {isa = PBXFileReference; fileEncoding = 4; lastKnownFileType = sourcecode.swift; path = Hero.swift; sourceTree = "<group>"; };
/* End PBXFileReference section */

/* Begin PBXFrameworksBuildPhase section */
		79DEE1441D878A7800F24468 /* Frameworks */ = {
			isa = PBXFrameworksBuildPhase;
			buildActionMask = 2147483647;
			files = (
			);
			runOnlyForDeploymentPostprocessing = 0;
		};
/* End PBXFrameworksBuildPhase section */

/* Begin PBXGroup section */
		79DEE13E1D878A7800F24468 = {
			isa = PBXGroup;
			children = (
				79DEE1491D878A7800F24468 /* SmoothMovementExample */,
				79DEE1481D878A7800F24468 /* Products */,
			);
			sourceTree = "<group>";
		};
		79DEE1481D878A7800F24468 /* Products */ = {
			isa = PBXGroup;
			children = (
				79DEE1471D878A7800F24468 /* SmoothMovementExample.app */,
			);
			name = Products;
			sourceTree = "<group>";
		};
		79DEE1491D878A7800F24468 /* SmoothMovementExample */ = {
			isa = PBXGroup;
			children = (
				79DEE14A1D878A7800F24468 /* AppDelegate.swift */,
				79DEE14E1D878A7800F24468 /* GameScene.swift */,
				79DEE1501D878A7800F24468 /* GameViewController.swift */,
				79DEE1521D878A7800F24468 /* Main.storyboard */,
				79DEE1551D878A7800F24468 /* Assets.xcassets */,
				79DEE1571D878A7800F24468 /* LaunchScreen.storyboard */,
				79DEE15A1D878A7800F24468 /* Info.plist */,
				79DEE1601D878A8E00F24468 /* Constants.swift */,
				79DEE1621D878AEA00F24468 /* Game.swift */,
				79DEE1641D878BE100F24468 /* Level.swift */,
				79DEE1681D87902500F24468 /* Tile.swift */,
				79DEE16A1D87903300F24468 /* VisualComponent.swift */,
				79DEE16C1D87A6EE00F24468 /* Hero.swift */,
				794194691D882B6400F947A8 /* README.md */,
			);
			path = SmoothMovementExample;
			sourceTree = "<group>";
		};
/* End PBXGroup section */

/* Begin PBXNativeTarget section */
		79DEE1461D878A7800F24468 /* SmoothMovementExample */ = {
			isa = PBXNativeTarget;
			buildConfigurationList = 79DEE15D1D878A7800F24468 /* Build configuration list for PBXNativeTarget "SmoothMovementExample" */;
			buildPhases = (
				79DEE1431D878A7800F24468 /* Sources */,
				79DEE1441D878A7800F24468 /* Frameworks */,
				79DEE1451D878A7800F24468 /* Resources */,
			);
			buildRules = (
			);
			dependencies = (
			);
			name = SmoothMovementExample;
			productName = SmoothMovementExample;
			productReference = 79DEE1471D878A7800F24468 /* SmoothMovementExample.app */;
			productType = "com.apple.product-type.application";
		};
/* End PBXNativeTarget section */

/* Begin PBXProject section */
		79DEE13F1D878A7800F24468 /* Project object */ = {
			isa = PBXProject;
			attributes = {
				LastSwiftUpdateCheck = 0730;
				LastUpgradeCheck = 0730;
				ORGANIZATIONNAME = Wolftrail;
				TargetAttributes = {
					79DEE1461D878A7800F24468 = {
						CreatedOnToolsVersion = 7.3.1;
						DevelopmentTeam = Q97F9KZ3J6;
					};
				};
			};
			buildConfigurationList = 79DEE1421D878A7800F24468 /* Build configuration list for PBXProject "SmoothMovementExample" */;
			compatibilityVersion = "Xcode 3.2";
			developmentRegion = English;
			hasScannedForEncodings = 0;
			knownRegions = (
				en,
				Base,
			);
			mainGroup = 79DEE13E1D878A7800F24468;
			productRefGroup = 79DEE1481D878A7800F24468 /* Products */;
			projectDirPath = "";
			projectRoot = "";
			targets = (
				79DEE1461D878A7800F24468 /* SmoothMovementExample */,
			);
		};
/* End PBXProject section */

/* Begin PBXResourcesBuildPhase section */
		79DEE1451D878A7800F24468 /* Resources */ = {
			isa = PBXResourcesBuildPhase;
			buildActionMask = 2147483647;
			files = (
				79DEE1591D878A7800F24468 /* LaunchScreen.storyboard in Resources */,
				79DEE1561D878A7800F24468 /* Assets.xcassets in Resources */,
				79DEE1541D878A7800F24468 /* Main.storyboard in Resources */,
			);
			runOnlyForDeploymentPostprocessing = 0;
		};
/* End PBXResourcesBuildPhase section */

/* Begin PBXSourcesBuildPhase section */
		79DEE1431D878A7800F24468 /* Sources */ = {
			isa = PBXSourcesBuildPhase;
			buildActionMask = 2147483647;
			files = (
				79DEE1651D878BE100F24468 /* Level.swift in Sources */,
				79DEE14F1D878A7800F24468 /* GameScene.swift in Sources */,
				7941946A1D882B6400F947A8 /* README.md in Sources */,
				79DEE16D1D87A6EE00F24468 /* Hero.swift in Sources */,
				79DEE1631D878AEA00F24468 /* Game.swift in Sources */,
				79DEE1691D87902500F24468 /* Tile.swift in Sources */,
				79DEE1511D878A7800F24468 /* GameViewController.swift in Sources */,
				79DEE14B1D878A7800F24468 /* AppDelegate.swift in Sources */,
				79DEE1611D878A8E00F24468 /* Constants.swift in Sources */,
				79DEE16B1D87903300F24468 /* VisualComponent.swift in Sources */,
			);
			runOnlyForDeploymentPostprocessing = 0;
		};
/* End PBXSourcesBuildPhase section */

/* Begin PBXVariantGroup section */
		79DEE1521D878A7800F24468 /* Main.storyboard */ = {
			isa = PBXVariantGroup;
			children = (
				79DEE1531D878A7800F24468 /* Base */,
			);
			name = Main.storyboard;
			sourceTree = "<group>";
		};
		79DEE1571D878A7800F24468 /* LaunchScreen.storyboard */ = {
			isa = PBXVariantGroup;
			children = (
				79DEE1581D878A7800F24468 /* Base */,
			);
			name = LaunchScreen.storyboard;
			sourceTree = "<group>";
		};
/* End PBXVariantGroup section */

/* Begin XCBuildConfiguration section */
		79DEE15B1D878A7800F24468 /* Debug */ = {
			isa = XCBuildConfiguration;
			buildSettings = {
				ALWAYS_SEARCH_USER_PATHS = NO;
				CLANG_ANALYZER_NONNULL = YES;
				CLANG_CXX_LANGUAGE_STANDARD = "gnu++0x";
				CLANG_CXX_LIBRARY = "libc++";
				CLANG_ENABLE_MODULES = YES;
				CLANG_ENABLE_OBJC_ARC = YES;
				CLANG_WARN_BOOL_CONVERSION = YES;
				CLANG_WARN_CONSTANT_CONVERSION = YES;
				CLANG_WARN_DIRECT_OBJC_ISA_USAGE = YES_ERROR;
				CLANG_WARN_EMPTY_BODY = YES;
				CLANG_WARN_ENUM_CONVERSION = YES;
				CLANG_WARN_INT_CONVERSION = YES;
				CLANG_WARN_OBJC_ROOT_CLASS = YES_ERROR;
				CLANG_WARN_UNREACHABLE_CODE = YES;
				CLANG_WARN__DUPLICATE_METHOD_MATCH = YES;
				"CODE_SIGN_IDENTITY[sdk=iphoneos*]" = "iPhone Developer";
				COPY_PHASE_STRIP = NO;
				DEBUG_INFORMATION_FORMAT = "dwarf-with-dsym";
				ENABLE_STRICT_OBJC_MSGSEND = YES;
				ENABLE_TESTABILITY = YES;
				GCC_C_LANGUAGE_STANDARD = gnu99;
				GCC_DYNAMIC_NO_PIC = NO;
				GCC_NO_COMMON_BLOCKS = YES;
				GCC_OPTIMIZATION_LEVEL = 0;
				GCC_PREPROCESSOR_DEFINITIONS = (
					"DEBUG=1",
					"$(inherited)",
				);
				GCC_WARN_64_TO_32_BIT_CONVERSION = YES;
				GCC_WARN_ABOUT_RETURN_TYPE = YES_ERROR;
				GCC_WARN_UNDECLARED_SELECTOR = YES;
				GCC_WARN_UNINITIALIZED_AUTOS = YES_AGGRESSIVE;
				GCC_WARN_UNUSED_FUNCTION = YES;
				GCC_WARN_UNUSED_VARIABLE = YES;
				IPHONEOS_DEPLOYMENT_TARGET = 9.3;
				MTL_ENABLE_DEBUG_INFO = YES;
				ONLY_ACTIVE_ARCH = YES;
				SDKROOT = iphoneos;
				SWIFT_OPTIMIZATION_LEVEL = "-Onone";
				TARGETED_DEVICE_FAMILY = "1,2";
			};
			name = Debug;
		};
		79DEE15C1D878A7800F24468 /* Release */ = {
			isa = XCBuildConfiguration;
			buildSettings = {
				ALWAYS_SEARCH_USER_PATHS = NO;
				CLANG_ANALYZER_NONNULL = YES;
				CLANG_CXX_LANGUAGE_STANDARD = "gnu++0x";
				CLANG_CXX_LIBRARY = "libc++";
				CLANG_ENABLE_MODULES = YES;
				CLANG_ENABLE_OBJC_ARC = YES;
				CLANG_WARN_BOOL_CONVERSION = YES;
				CLANG_WARN_CONSTANT_CONVERSION = YES;
				CLANG_WARN_DIRECT_OBJC_ISA_USAGE = YES_ERROR;
				CLANG_WARN_EMPTY_BODY = YES;
				CLANG_WARN_ENUM_CONVERSION = YES;
				CLANG_WARN_INT_CONVERSION = YES;
				CLANG_WARN_OBJC_ROOT_CLASS = YES_ERROR;
				CLANG_WARN_UNREACHABLE_CODE = YES;
				CLANG_WARN__DUPLICATE_METHOD_MATCH = YES;
				"CODE_SIGN_IDENTITY[sdk=iphoneos*]" = "iPhone Developer";
				COPY_PHASE_STRIP = NO;
				DEBUG_INFORMATION_FORMAT = "dwarf-with-dsym";
				ENABLE_NS_ASSERTIONS = NO;
				ENABLE_STRICT_OBJC_MSGSEND = YES;
				GCC_C_LANGUAGE_STANDARD = gnu99;
				GCC_NO_COMMON_BLOCKS = YES;
				GCC_WARN_64_TO_32_BIT_CONVERSION = YES;
				GCC_WARN_ABOUT_RETURN_TYPE = YES_ERROR;
				GCC_WARN_UNDECLARED_SELECTOR = YES;
				GCC_WARN_UNINITIALIZED_AUTOS = YES_AGGRESSIVE;
				GCC_WARN_UNUSED_FUNCTION = YES;
				GCC_WARN_UNUSED_VARIABLE = YES;
				IPHONEOS_DEPLOYMENT_TARGET = 9.3;
				MTL_ENABLE_DEBUG_INFO = NO;
				SDKROOT = iphoneos;
				TARGETED_DEVICE_FAMILY = "1,2";
				VALIDATE_PRODUCT = YES;
			};
			name = Release;
		};
		79DEE15E1D878A7800F24468 /* Debug */ = {
			isa = XCBuildConfiguration;
			buildSettings = {
				ASSETCATALOG_COMPILER_APPICON_NAME = AppIcon;
				CODE_SIGN_IDENTITY = "iPhone Developer";
				"CODE_SIGN_IDENTITY[sdk=iphoneos*]" = "iPhone Developer";
				INFOPLIST_FILE = SmoothMovementExample/Info.plist;
				LD_RUNPATH_SEARCH_PATHS = "$(inherited) @executable_path/Frameworks";
				PRODUCT_BUNDLE_IDENTIFIER = net.wolftrail.demo;
				PRODUCT_NAME = "$(TARGET_NAME)";
				PROVISIONING_PROFILE = "";
			};
			name = Debug;
		};
		79DEE15F1D878A7800F24468 /* Release */ = {
			isa = XCBuildConfiguration;
			buildSettings = {
				ASSETCATALOG_COMPILER_APPICON_NAME = AppIcon;
				CODE_SIGN_IDENTITY = "iPhone Developer";
				"CODE_SIGN_IDENTITY[sdk=iphoneos*]" = "iPhone Developer";
				INFOPLIST_FILE = SmoothMovementExample/Info.plist;
				LD_RUNPATH_SEARCH_PATHS = "$(inherited) @executable_path/Frameworks";
				PRODUCT_BUNDLE_IDENTIFIER = net.wolftrail.demo;
				PRODUCT_NAME = "$(TARGET_NAME)";
				PROVISIONING_PROFILE = "";
			};
			name = Release;
		};
/* End XCBuildConfiguration section */

/* Begin XCConfigurationList section */
		79DEE1421D878A7800F24468 /* Build configuration list for PBXProject "SmoothMovementExample" */ = {
			isa = XCConfigurationList;
			buildConfigurations = (
				79DEE15B1D878A7800F24468 /* Debug */,
				79DEE15C1D878A7800F24468 /* Release */,
			);
			defaultConfigurationIsVisible = 0;
			defaultConfigurationName = Release;
		};
		79DEE15D1D878A7800F24468 /* Build configuration list for PBXNativeTarget "SmoothMovementExample" */ = {
			isa = XCConfigurationList;
			buildConfigurations = (
				79DEE15E1D878A7800F24468 /* Debug */,
				79DEE15F1D878A7800F24468 /* Release */,
			);
			defaultConfigurationIsVisible = 0;
			defaultConfigurationName = Release;
		};
/* End XCConfigurationList section */
	};
	rootObject = 79DEE13F1D878A7800F24468 /* Project object */;
}
